
Microsoft Visual Studio Solution File, Format Version 12.00
# Visual Studio Version 17
VisualStudioVersion = 17.5.33103.201
MinimumVisualStudioVersion = 10.0.40219.1
Project("{FAE04EC0-301F-11D3-BF4B-00C04F79EFBC}") = "MyVet.Common", "MyVet.Common\MyVet.Common.csproj", "{49F35871-0649-4D1E-A450-5342961D5C7D}"
EndProject
Project("{FAE04EC0-301F-11D3-BF4B-00C04F79EFBC}") = "MyVet.Web", "MyVet.Web\MyVet.Web.csproj", "{ACECF3DF-35B4-4439-8F0F-EA84512DC914}"
EndProject
Global
	GlobalSection(SolutionConfigurationPlatforms) = preSolution
		Debug|Any CPU = Debug|Any CPU
		Release|Any CPU = Release|Any CPU
	EndGlobalSection
	GlobalSection(ProjectConfigurationPlatforms) = postSolution
		{49F35871-0649-4D1E-A450-5342961D5C7D}.Debug|Any CPU.ActiveCfg = Debug|Any CPU
		{49F35871-0649-4D1E-A450-5342961D5C7D}.Debug|Any CPU.Build.0 = Debug|Any CPU
		{49F35871-0649-4D1E-A450-5342961D5C7D}.Release|Any CPU.ActiveCfg = Release|Any CPU
		{49F35871-0649-4D1E-A450-5342961D5C7D}.Release|Any CPU.Build.0 = Release|Any CPU
		{ACECF3DF-35B4-4439-8F0F-EA84512DC914}.Debug|Any CPU.ActiveCfg = Debug|Any CPU
		{ACECF3DF-35B4-4439-8F0F-EA84512DC914}.Debug|Any CPU.Build.0 = Debug|Any CPU
		{ACECF3DF-35B4-4439-8F0F-EA84512DC914}.Release|Any CPU.ActiveCfg = Release|Any CPU
		{ACECF3DF-35B4-4439-8F0F-EA84512DC914}.Release|Any CPU.Build.0 = Release|Any CPU
	EndGlobalSection
	GlobalSection(SolutionProperties) = preSolution
		HideSolutionNode = FALSE
	EndGlobalSection
	GlobalSection(ExtensibilityGlobals) = postSolution
		SolutionGuid = {0E92F9F2-CFBF-4928-9A40-4B5A2D5A3CB3}
	EndGlobalSection
EndGlobal
